
Microsoft Visual Studio Solution File, Format Version 12.00
# Visual Studio Version 16
VisualStudioVersion = 16.0.31402.337
MinimumVisualStudioVersion = 10.0.40219.1
Project("{FAE04EC0-301F-11D3-BF4B-00C04F79EFBC}") = "AspNetCore Api (JWT Authentication)", "AspNetCore Api (JWT Authentication)\AspNetCore Api (JWT Authentication).csproj", "{F3B684E5-94B7-4F51-AFA5-AB2FA78E92FF}"
EndProject
Global
	GlobalSection(SolutionConfigurationPlatforms) = preSolution
		Debug|Any CPU = Debug|Any CPU
		Release|Any CPU = Release|Any CPU
	EndGlobalSection
	GlobalSection(ProjectConfigurationPlatforms) = postSolution
		{F3B684E5-94B7-4F51-AFA5-AB2FA78E92FF}.Debug|Any CPU.ActiveCfg = Debug|Any CPU
		{F3B684E5-94B7-4F51-AFA5-AB2FA78E92FF}.Debug|Any CPU.Build.0 = Debug|Any CPU
		{F3B684E5-94B7-4F51-AFA5-AB2FA78E92FF}.Release|Any CPU.ActiveCfg = Release|Any CPU
		{F3B684E5-94B7-4F51-AFA5-AB2FA78E92FF}.Release|Any CPU.Build.0 = Release|Any CPU
	EndGlobalSection
	GlobalSection(SolutionProperties) = preSolution
		HideSolutionNode = FALSE
	EndGlobalSection
	GlobalSection(ExtensibilityGlobals) = postSolution
		SolutionGuid = {3866B9EE-32C2-4657-9F16-DEF397FB34FB}
	EndGlobalSection
EndGlobal
